// !$*UTF8*$!
{
	archiveVersion = 1;
	classes = {
	};
	objectVersion = 46;
	objects = {

/* Begin PBXBuildFile section */
		882EC83C1F58322300363A1B /* MapKit.framework in Frameworks */ = {isa = PBXBuildFile; fileRef = 882EC83B1F58322300363A1B /* MapKit.framework */; };
		882EC83E1F5834D500363A1B /* README.md in Sources */ = {isa = PBXBuildFile; fileRef = 882EC83D1F5834D500363A1B /* README.md */; };
		882EC8401F58363E00363A1B /* MapViewController.swift in Sources */ = {isa = PBXBuildFile; fileRef = 882EC83F1F58363E00363A1B /* MapViewController.swift */; };
		8854E0901F5599E20065F5B9 /* AppDelegate.swift in Sources */ = {isa = PBXBuildFile; fileRef = 8854E08F1F5599E20065F5B9 /* AppDelegate.swift */; };
		8854E0951F5599E20065F5B9 /* Main.storyboard in Resources */ = {isa = PBXBuildFile; fileRef = 8854E0931F5599E20065F5B9 /* Main.storyboard */; };
		8854E0971F5599E20065F5B9 /* Assets.xcassets in Resources */ = {isa = PBXBuildFile; fileRef = 8854E0961F5599E20065F5B9 /* Assets.xcassets */; };
		8854E09A1F5599E20065F5B9 /* LaunchScreen.storyboard in Resources */ = {isa = PBXBuildFile; fileRef = 8854E0981F5599E20065F5B9 /* LaunchScreen.storyboard */; };
		8854E0A51F5599E20065F5B9 /* WorldTrotterTests.swift in Sources */ = {isa = PBXBuildFile; fileRef = 8854E0A41F5599E20065F5B9 /* WorldTrotterTests.swift */; };
		8854E0B01F5599E20065F5B9 /* WorldTrotterUITests.swift in Sources */ = {isa = PBXBuildFile; fileRef = 8854E0AF1F5599E20065F5B9 /* WorldTrotterUITests.swift */; };
		8854E0BE1F55A34C0065F5B9 /* ConversionViewController.swift in Sources */ = {isa = PBXBuildFile; fileRef = 8854E0BD1F55A34C0065F5B9 /* ConversionViewController.swift */; };
/* End PBXBuildFile section */

/* Begin PBXContainerItemProxy section */
		8854E0A11F5599E20065F5B9 /* PBXContainerItemProxy */ = {
			isa = PBXContainerItemProxy;
			containerPortal = 8854E0841F5599E20065F5B9 /* Project object */;
			proxyType = 1;
			remoteGlobalIDString = 8854E08B1F5599E20065F5B9;
			remoteInfo = WorldTrotter;
		};
		8854E0AC1F5599E20065F5B9 /* PBXContainerItemProxy */ = {
			isa = PBXContainerItemProxy;
			containerPortal = 8854E0841F5599E20065F5B9 /* Project object */;
			proxyType = 1;
			remoteGlobalIDString = 8854E08B1F5599E20065F5B9;
			remoteInfo = WorldTrotter;
		};
/* End PBXContainerItemProxy section */

/* Begin PBXFileReference section */
		882EC83B1F58322300363A1B /* MapKit.framework */ = {isa = PBXFileReference; lastKnownFileType = wrapper.framework; name = MapKit.framework; path = System/Library/Frameworks/MapKit.framework; sourceTree = SDKROOT; };
		882EC83D1F5834D500363A1B /* README.md */ = {isa = PBXFileReference; fileEncoding = 4; lastKnownFileType = net.daringfireball.markdown; path = README.md; sourceTree = SOURCE_ROOT; };
		882EC83F1F58363E00363A1B /* MapViewController.swift */ = {isa = PBXFileReference; fileEncoding = 4; lastKnownFileType = sourcecode.swift; path = MapViewController.swift; sourceTree = "<group>"; };
		8854E08C1F5599E20065F5B9 /* WorldTrotter.app */ = {isa = PBXFileReference; explicitFileType = wrapper.application; includeInIndex = 0; path = WorldTrotter.app; sourceTree = BUILT_PRODUCTS_DIR; };
		8854E08F1F5599E20065F5B9 /* AppDelegate.swift */ = {isa = PBXFileReference; lastKnownFileType = sourcecode.swift; path = AppDelegate.swift; sourceTree = "<group>"; };
		8854E0941F5599E20065F5B9 /* Base */ = {isa = PBXFileReference; lastKnownFileType = file.storyboard; name = Base; path = Base.lproj/Main.storyboard; sourceTree = "<group>"; };
		8854E0961F5599E20065F5B9 /* Assets.xcassets */ = {isa = PBXFileReference; lastKnownFileType = folder.assetcatalog; path = Assets.xcassets; sourceTree = "<group>"; };
		8854E0991F5599E20065F5B9 /* Base */ = {isa = PBXFileReference; lastKnownFileType = file.storyboard; name = Base; path = Base.lproj/LaunchScreen.storyboard; sourceTree = "<group>"; };
		8854E09B1F5599E20065F5B9 /* Info.plist */ = {isa = PBXFileReference; lastKnownFileType = text.plist.xml; path = Info.plist; sourceTree = "<group>"; };
		8854E0A01F5599E20065F5B9 /* WorldTrotterTests.xctest */ = {isa = PBXFileReference; explicitFileType = wrapper.cfbundle; includeInIndex = 0; path = WorldTrotterTests.xctest; sourceTree = BUILT_PRODUCTS_DIR; };
		8854E0A41F5599E20065F5B9 /* WorldTrotterTests.swift */ = {isa = PBXFileReference; lastKnownFileType = sourcecode.swift; path = WorldTrotterTests.swift; sourceTree = "<group>"; };
		8854E0A61F5599E20065F5B9 /* Info.plist */ = {isa = PBXFileReference; lastKnownFileType = text.plist.xml; path = Info.plist; sourceTree = "<group>"; };
		8854E0AB1F5599E20065F5B9 /* WorldTrotterUITests.xctest */ = {isa = PBXFileReference; explicitFileType = wrapper.cfbundle; includeInIndex = 0; path = WorldTrotterUITests.xctest; sourceTree = BUILT_PRODUCTS_DIR; };
		8854E0AF1F5599E20065F5B9 /* WorldTrotterUITests.swift */ = {isa = PBXFileReference; lastKnownFileType = sourcecode.swift; path = WorldTrotterUITests.swift; sourceTree = "<group>"; };
		8854E0B11F5599E20065F5B9 /* Info.plist */ = {isa = PBXFileReference; lastKnownFileType = text.plist.xml; path = Info.plist; sourceTree = "<group>"; };
		8854E0BD1F55A34C0065F5B9 /* ConversionViewController.swift */ = {isa = PBXFileReference; fileEncoding = 4; lastKnownFileType = sourcecode.swift; path = ConversionViewController.swift; sourceTree = "<group>"; };
/* End PBXFileReference section */

/* Begin PBXFrameworksBuildPhase section */
		8854E0891F5599E20065F5B9 /* Frameworks */ = {
			isa = PBXFrameworksBuildPhase;
			buildActionMask = 2147483647;
			files = (
				882EC83C1F58322300363A1B /* MapKit.framework in Frameworks */,
			);
			runOnlyForDeploymentPostprocessing = 0;
		};
		8854E09D1F5599E20065F5B9 /* Frameworks */ = {
			isa = PBXFrameworksBuildPhase;
			buildActionMask = 2147483647;
			files = (
			);
			runOnlyForDeploymentPostprocessing = 0;
		};
		8854E0A81F5599E20065F5B9 /* Frameworks */ = {
			isa = PBXFrameworksBuildPhase;
			buildActionMask = 2147483647;
			files = (
			);
			runOnlyForDeploymentPostprocessing = 0;
		};
/* End PBXFrameworksBuildPhase section */

/* Begin PBXGroup section */
		882EC83A1F58322200363A1B /* Frameworks */ = {
			isa = PBXGroup;
			children = (
				882EC83B1F58322300363A1B /* MapKit.framework */,
			);
			name = Frameworks;
			sourceTree = "<group>";
		};
		8854E0831F5599E20065F5B9 = {
			isa = PBXGroup;
			children = (
				882EC83D1F5834D500363A1B /* README.md */,
				8854E08E1F5599E20065F5B9 /* WorldTrotter */,
				8854E0A31F5599E20065F5B9 /* WorldTrotterTests */,
				8854E0AE1F5599E20065F5B9 /* WorldTrotterUITests */,
				8854E08D1F5599E20065F5B9 /* Products */,
				882EC83A1F58322200363A1B /* Frameworks */,
			);
			sourceTree = "<group>";
		};
		8854E08D1F5599E20065F5B9 /* Products */ = {
			isa = PBXGroup;
			children = (
				8854E08C1F5599E20065F5B9 /* WorldTrotter.app */,
				8854E0A01F5599E20065F5B9 /* WorldTrotterTests.xctest */,
				8854E0AB1F5599E20065F5B9 /* WorldTrotterUITests.xctest */,
			);
			name = Products;
			sourceTree = "<group>";
		};
		8854E08E1F5599E20065F5B9 /* WorldTrotter */ = {
			isa = PBXGroup;
			children = (
				8854E0BD1F55A34C0065F5B9 /* ConversionViewController.swift */,
				8854E08F1F5599E20065F5B9 /* AppDelegate.swift */,
				8854E0931F5599E20065F5B9 /* Main.storyboard */,
				882EC83F1F58363E00363A1B /* MapViewController.swift */,
				8854E0961F5599E20065F5B9 /* Assets.xcassets */,
				8854E0981F5599E20065F5B9 /* LaunchScreen.storyboard */,
				8854E09B1F5599E20065F5B9 /* Info.plist */,
			);
			path = WorldTrotter;
			sourceTree = "<group>";
		};
		8854E0A31F5599E20065F5B9 /* WorldTrotterTests */ = {
			isa = PBXGroup;
			children = (
				8854E0A41F5599E20065F5B9 /* WorldTrotterTests.swift */,
				8854E0A61F5599E20065F5B9 /* Info.plist */,
			);
			path = WorldTrotterTests;
			sourceTree = "<group>";
		};
		8854E0AE1F5599E20065F5B9 /* WorldTrotterUITests */ = {
			isa = PBXGroup;
			children = (
				8854E0AF1F5599E20065F5B9 /* WorldTrotterUITests.swift */,
				8854E0B11F5599E20065F5B9 /* Info.plist */,
			);
			path = WorldTrotterUITests;
			sourceTree = "<group>";
		};
/* End PBXGroup section */

/* Begin PBXNativeTarget section */
		8854E08B1F5599E20065F5B9 /* WorldTrotter */ = {
			isa = PBXNativeTarget;
			buildConfigurationList = 8854E0B41F5599E20065F5B9 /* Build configuration list for PBXNativeTarget "WorldTrotter" */;
			buildPhases = (
				8854E0881F5599E20065F5B9 /* Sources */,
				8854E0891F5599E20065F5B9 /* Frameworks */,
				8854E08A1F5599E20065F5B9 /* Resources */,
			);
			buildRules = (
			);
			dependencies = (
			);
			name = WorldTrotter;
			productName = WorldTrotter;
			productReference = 8854E08C1F5599E20065F5B9 /* WorldTrotter.app */;
			productType = "com.apple.product-type.application";
		};
		8854E09F1F5599E20065F5B9 /* WorldTrotterTests */ = {
			isa = PBXNativeTarget;
			buildConfigurationList = 8854E0B71F5599E20065F5B9 /* Build configuration list for PBXNativeTarget "WorldTrotterTests" */;
			buildPhases = (
				8854E09C1F5599E20065F5B9 /* Sources */,
				8854E09D1F5599E20065F5B9 /* Frameworks */,
				8854E09E1F5599E20065F5B9 /* Resources */,
			);
			buildRules = (
			);
			dependencies = (
				8854E0A21F5599E20065F5B9 /* PBXTargetDependency */,
			);
			name = WorldTrotterTests;
			productName = WorldTrotterTests;
			productReference = 8854E0A01F5599E20065F5B9 /* WorldTrotterTests.xctest */;
			productType = "com.apple.product-type.bundle.unit-test";
		};
		8854E0AA1F5599E20065F5B9 /* WorldTrotterUITests */ = {
			isa = PBXNativeTarget;
			buildConfigurationList = 8854E0BA1F5599E20065F5B9 /* Build configuration list for PBXNativeTarget "WorldTrotterUITests" */;
			buildPhases = (
				8854E0A71F5599E20065F5B9 /* Sources */,
				8854E0A81F5599E20065F5B9 /* Frameworks */,
				8854E0A91F5599E20065F5B9 /* Resources */,
			);
			buildRules = (
			);
			dependencies = (
				8854E0AD1F5599E20065F5B9 /* PBXTargetDependency */,
			);
			name = WorldTrotterUITests;
			productName = WorldTrotterUITests;
			productReference = 8854E0AB1F5599E20065F5B9 /* WorldTrotterUITests.xctest */;
			productType = "com.apple.product-type.bundle.ui-testing";
		};
/* End PBXNativeTarget section */

/* Begin PBXProject section */
		8854E0841F5599E20065F5B9 /* Project object */ = {
			isa = PBXProject;
			attributes = {
				LastSwiftUpdateCheck = 0830;
				LastUpgradeCheck = 0830;
				ORGANIZATIONNAME = "Jacob Wisniewski";
				TargetAttributes = {
					8854E08B1F5599E20065F5B9 = {
						CreatedOnToolsVersion = 8.3.3;
						ProvisioningStyle = Automatic;
					};
					8854E09F1F5599E20065F5B9 = {
						CreatedOnToolsVersion = 8.3.3;
						ProvisioningStyle = Automatic;
						TestTargetID = 8854E08B1F5599E20065F5B9;
					};
					8854E0AA1F5599E20065F5B9 = {
						CreatedOnToolsVersion = 8.3.3;
						ProvisioningStyle = Automatic;
						TestTargetID = 8854E08B1F5599E20065F5B9;
					};
				};
			};
			buildConfigurationList = 8854E0871F5599E20065F5B9 /* Build configuration list for PBXProject "WorldTrotter" */;
			compatibilityVersion = "Xcode 3.2";
			developmentRegion = English;
			hasScannedForEncodings = 0;
			knownRegions = (
				en,
				Base,
			);
			mainGroup = 8854E0831F5599E20065F5B9;
			productRefGroup = 8854E08D1F5599E20065F5B9 /* Products */;
			projectDirPath = "";
			projectRoot = "";
			targets = (
				8854E08B1F5599E20065F5B9 /* WorldTrotter */,
				8854E09F1F5599E20065F5B9 /* WorldTrotterTests */,
				8854E0AA1F5599E20065F5B9 /* WorldTrotterUITests */,
			);
		};
/* End PBXProject section */

/* Begin PBXResourcesBuildPhase section */
		8854E08A1F5599E20065F5B9 /* Resources */ = {
			isa = PBXResourcesBuildPhase;
			buildActionMask = 2147483647;
			files = (
				8854E09A1F5599E20065F5B9 /* LaunchScreen.storyboard in Resources */,
				8854E0971F5599E20065F5B9 /* Assets.xcassets in Resources */,
				8854E0951F5599E20065F5B9 /* Main.storyboard in Resources */,
			);
			runOnlyForDeploymentPostprocessing = 0;
		};
		8854E09E1F5599E20065F5B9 /* Resources */ = {
			isa = PBXResourcesBuildPhase;
			buildActionMask = 2147483647;
			files = (
			);
			runOnlyForDeploymentPostprocessing = 0;
		};
		8854E0A91F5599E20065F5B9 /* Resources */ = {
			isa = PBXResourcesBuildPhase;
			buildActionMask = 2147483647;
			files = (
			);
			runOnlyForDeploymentPostprocessing = 0;
		};
/* End PBXResourcesBuildPhase section */

/* Begin PBXSourcesBuildPhase section */
		8854E0881F5599E20065F5B9 /* Sources */ = {
			isa = PBXSourcesBuildPhase;
			buildActionMask = 2147483647;
			files = (
				882EC83E1F5834D500363A1B /* README.md in Sources */,
				8854E0BE1F55A34C0065F5B9 /* ConversionViewController.swift in Sources */,
				8854E0901F5599E20065F5B9 /* AppDelegate.swift in Sources */,
				882EC8401F58363E00363A1B /* MapViewController.swift in Sources */,
			);
			runOnlyForDeploymentPostprocessing = 0;
		};
		8854E09C1F5599E20065F5B9 /* Sources */ = {
			isa = PBXSourcesBuildPhase;
			buildActionMask = 2147483647;
			files = (
				8854E0A51F5599E20065F5B9 /* WorldTrotterTests.swift in Sources */,
			);
			runOnlyForDeploymentPostprocessing = 0;
		};
		8854E0A71F5599E20065F5B9 /* Sources */ = {
			isa = PBXSourcesBuildPhase;
			buildActionMask = 2147483647;
			files = (
				8854E0B01F5599E20065F5B9 /* WorldTrotterUITests.swift in Sources */,
			);
			runOnlyForDeploymentPostprocessing = 0;
		};
/* End PBXSourcesBuildPhase section */

/* Begin PBXTargetDependency section */
		8854E0A21F5599E20065F5B9 /* PBXTargetDependency */ = {
			isa = PBXTargetDependency;
			target = 8854E08B1F5599E20065F5B9 /* WorldTrotter */;
			targetProxy = 8854E0A11F5599E20065F5B9 /* PBXContainerItemProxy */;
		};
		8854E0AD1F5599E20065F5B9 /* PBXTargetDependency */ = {
			isa = PBXTargetDependency;
			target = 8854E08B1F5599E20065F5B9 /* WorldTrotter */;
			targetProxy = 8854E0AC1F5599E20065F5B9 /* PBXContainerItemProxy */;
		};
/* End PBXTargetDependency section */

/* Begin PBXVariantGroup section */
		8854E0931F5599E20065F5B9 /* Main.storyboard */ = {
			isa = PBXVariantGroup;
			children = (
				8854E0941F5599E20065F5B9 /* Base */,
			);
			name = Main.storyboard;
			sourceTree = "<group>";
		};
		8854E0981F5599E20065F5B9 /* LaunchScreen.storyboard */ = {
			isa = PBXVariantGroup;
			children = (
				8854E0991F5599E20065F5B9 /* Base */,
			);
			name = LaunchScreen.storyboard;
			sourceTree = "<group>";
		};
/* End PBXVariantGroup section */

/* Begin XCBuildConfiguration section */
		8854E0B21F5599E20065F5B9 /* Debug */ = {
			isa = XCBuildConfiguration;
			buildSettings = {
				ALWAYS_SEARCH_USER_PATHS = NO;
				CLANG_ANALYZER_NONNULL = YES;
				CLANG_ANALYZER_NUMBER_OBJECT_CONVERSION = YES_AGGRESSIVE;
				CLANG_CXX_LANGUAGE_STANDARD = "gnu++0x";
				CLANG_CXX_LIBRARY = "libc++";
				CLANG_ENABLE_MODULES = YES;
				CLANG_ENABLE_OBJC_ARC = YES;
				CLANG_WARN_BOOL_CONVERSION = YES;
				CLANG_WARN_CONSTANT_CONVERSION = YES;
				CLANG_WARN_DIRECT_OBJC_ISA_USAGE = YES_ERROR;
				CLANG_WARN_DOCUMENTATION_COMMENTS = YES;
				CLANG_WARN_EMPTY_BODY = YES;
				CLANG_WARN_ENUM_CONVERSION = YES;
				CLANG_WARN_INFINITE_RECURSION = YES;
				CLANG_WARN_INT_CONVERSION = YES;
				CLANG_WARN_OBJC_ROOT_CLASS = YES_ERROR;
				CLANG_WARN_SUSPICIOUS_MOVE = YES;
				CLANG_WARN_UNREACHABLE_CODE = YES;
				CLANG_WARN__DUPLICATE_METHOD_MATCH = YES;
				"CODE_SIGN_IDENTITY[sdk=iphoneos*]" = "iPhone Developer";
				COPY_PHASE_STRIP = NO;
				DEBUG_INFORMATION_FORMAT = dwarf;
				ENABLE_STRICT_OBJC_MSGSEND = YES;
				ENABLE_TESTABILITY = YES;
				GCC_C_LANGUAGE_STANDARD = gnu99;
				GCC_DYNAMIC_NO_PIC = NO;
				GCC_NO_COMMON_BLOCKS = YES;
				GCC_OPTIMIZATION_LEVEL = 0;
				GCC_PREPROCESSOR_DEFINITIONS = (
					"DEBUG=1",
					"$(inherited)",
				);
				GCC_WARN_64_TO_32_BIT_CONVERSION = YES;
				GCC_WARN_ABOUT_RETURN_TYPE = YES_ERROR;
				GCC_WARN_UNDECLARED_SELECTOR = YES;
				GCC_WARN_UNINITIALIZED_AUTOS = YES_AGGRESSIVE;
				GCC_WARN_UNUSED_FUNCTION = YES;
				GCC_WARN_UNUSED_VARIABLE = YES;
				IPHONEOS_DEPLOYMENT_TARGET = 10.3;
				MTL_ENABLE_DEBUG_INFO = YES;
				ONLY_ACTIVE_ARCH = YES;
				SDKROOT = iphoneos;
				SWIFT_ACTIVE_COMPILATION_CONDITIONS = DEBUG;
				SWIFT_OPTIMIZATION_LEVEL = "-Onone";
				TARGETED_DEVICE_FAMILY = "1,2";
			};
			name = Debug;
		};
		8854E0B31F5599E20065F5B9 /* Release */ = {
			isa = XCBuildConfiguration;
			buildSettings = {
				ALWAYS_SEARCH_USER_PATHS = NO;
				CLANG_ANALYZER_NONNULL = YES;
				CLANG_ANALYZER_NUMBER_OBJECT_CONVERSION = YES_AGGRESSIVE;
				CLANG_CXX_LANGUAGE_STANDARD = "gnu++0x";
				CLANG_CXX_LIBRARY = "libc++";
				CLANG_ENABLE_MODULES = YES;
				CLANG_ENABLE_OBJC_ARC = YES;
				CLANG_WARN_BOOL_CONVERSION = YES;
				CLANG_WARN_CONSTANT_CONVERSION = YES;
				CLANG_WARN_DIRECT_OBJC_ISA_USAGE = YES_ERROR;
				CLANG_WARN_DOCUMENTATION_COMMENTS = YES;
				CLANG_WARN_EMPTY_BODY = YES;
				CLANG_WARN_ENUM_CONVERSION = YES;
				CLANG_WARN_INFINITE_RECURSION = YES;
				CLANG_WARN_INT_CONVERSION = YES;
				CLANG_WARN_OBJC_ROOT_CLASS = YES_ERROR;
				CLANG_WARN_SUSPICIOUS_MOVE = YES;
				CLANG_WARN_UNREACHABLE_CODE = YES;
				CLANG_WARN__DUPLICATE_METHOD_MATCH = YES;
				"CODE_SIGN_IDENTITY[sdk=iphoneos*]" = "iPhone Developer";
				COPY_PHASE_STRIP = NO;
				DEBUG_INFORMATION_FORMAT = "dwarf-with-dsym";
				ENABLE_NS_ASSERTIONS = NO;
				ENABLE_STRICT_OBJC_MSGSEND = YES;
				GCC_C_LANGUAGE_STANDARD = gnu99;
				GCC_NO_COMMON_BLOCKS = YES;
				GCC_WARN_64_TO_32_BIT_CONVERSION = YES;
				GCC_WARN_ABOUT_RETURN_TYPE = YES_ERROR;
				GCC_WARN_UNDECLARED_SELECTOR = YES;
				GCC_WARN_UNINITIALIZED_AUTOS = YES_AGGRESSIVE;
				GCC_WARN_UNUSED_FUNCTION = YES;
				GCC_WARN_UNUSED_VARIABLE = YES;
				IPHONEOS_DEPLOYMENT_TARGET = 10.3;
				MTL_ENABLE_DEBUG_INFO = NO;
				SDKROOT = iphoneos;
				SWIFT_OPTIMIZATION_LEVEL = "-Owholemodule";
				TARGETED_DEVICE_FAMILY = "1,2";
				VALIDATE_PRODUCT = YES;
			};
			name = Release;
		};
		8854E0B51F5599E20065F5B9 /* Debug */ = {
			isa = XCBuildConfiguration;
			buildSettings = {
				ASSETCATALOG_COMPILER_APPICON_NAME = AppIcon;
				INFOPLIST_FILE = WorldTrotter/Info.plist;
				LD_RUNPATH_SEARCH_PATHS = "$(inherited) @executable_path/Frameworks";
				PRODUCT_BUNDLE_IDENTIFIER = jacobwisniewski.WorldTrotter;
				PRODUCT_NAME = "$(TARGET_NAME)";
				SWIFT_VERSION = 3.0;
			};
			name = Debug;
		};
		8854E0B61F5599E20065F5B9 /* Release */ = {
			isa = XCBuildConfiguration;
			buildSettings = {
				ASSETCATALOG_COMPILER_APPICON_NAME = AppIcon;
				INFOPLIST_FILE = WorldTrotter/Info.plist;
				LD_RUNPATH_SEARCH_PATHS = "$(inherited) @executable_path/Frameworks";
				PRODUCT_BUNDLE_IDENTIFIER = jacobwisniewski.WorldTrotter;
				PRODUCT_NAME = "$(TARGET_NAME)";
				SWIFT_VERSION = 3.0;
			};
			name = Release;
		};
		8854E0B81F5599E20065F5B9 /* Debug */ = {
			isa = XCBuildConfiguration;
			buildSettings = {
				ALWAYS_EMBED_SWIFT_STANDARD_LIBRARIES = YES;
				BUNDLE_LOADER = "$(TEST_HOST)";
				INFOPLIST_FILE = WorldTrotterTests/Info.plist;
				LD_RUNPATH_SEARCH_PATHS = "$(inherited) @executable_path/Frameworks @loader_path/Frameworks";
				PRODUCT_BUNDLE_IDENTIFIER = jacobwisniewski.WorldTrotterTests;
				PRODUCT_NAME = "$(TARGET_NAME)";
				SWIFT_VERSION = 3.0;
				TEST_HOST = "$(BUILT_PRODUCTS_DIR)/WorldTrotter.app/WorldTrotter";
			};
			name = Debug;
		};
		8854E0B91F5599E20065F5B9 /* Release */ = {
			isa = XCBuildConfiguration;
			buildSettings = {
				ALWAYS_EMBED_SWIFT_STANDARD_LIBRARIES = YES;
				BUNDLE_LOADER = "$(TEST_HOST)";
				INFOPLIST_FILE = WorldTrotterTests/Info.plist;
				LD_RUNPATH_SEARCH_PATHS = "$(inherited) @executable_path/Frameworks @loader_path/Frameworks";
				PRODUCT_BUNDLE_IDENTIFIER = jacobwisniewski.WorldTrotterTests;
				PRODUCT_NAME = "$(TARGET_NAME)";
				SWIFT_VERSION = 3.0;
				TEST_HOST = "$(BUILT_PRODUCTS_DIR)/WorldTrotter.app/WorldTrotter";
			};
			name = Release;
		};
		8854E0BB1F5599E20065F5B9 /* Debug */ = {
			isa = XCBuildConfiguration;
			buildSettings = {
				ALWAYS_EMBED_SWIFT_STANDARD_LIBRARIES = YES;
				INFOPLIST_FILE = WorldTrotterUITests/Info.plist;
				LD_RUNPATH_SEARCH_PATHS = "$(inherited) @executable_path/Frameworks @loader_path/Frameworks";
				PRODUCT_BUNDLE_IDENTIFIER = jacobwisniewski.WorldTrotterUITests;
				PRODUCT_NAME = "$(TARGET_NAME)";
				SWIFT_VERSION = 3.0;
				TEST_TARGET_NAME = WorldTrotter;
			};
			name = Debug;
		};
		8854E0BC1F5599E20065F5B9 /* Release */ = {
			isa = XCBuildConfiguration;
			buildSettings = {
				ALWAYS_EMBED_SWIFT_STANDARD_LIBRARIES = YES;
				INFOPLIST_FILE = WorldTrotterUITests/Info.plist;
				LD_RUNPATH_SEARCH_PATHS = "$(inherited) @executable_path/Frameworks @loader_path/Frameworks";
				PRODUCT_BUNDLE_IDENTIFIER = jacobwisniewski.WorldTrotterUITests;
				PRODUCT_NAME = "$(TARGET_NAME)";
				SWIFT_VERSION = 3.0;
				TEST_TARGET_NAME = WorldTrotter;
			};
			name = Release;
		};
/* End XCBuildConfiguration section */

/* Begin XCConfigurationList section */
		8854E0871F5599E20065F5B9 /* Build configuration list for PBXProject "WorldTrotter" */ = {
			isa = XCConfigurationList;
			buildConfigurations = (
				8854E0B21F5599E20065F5B9 /* Debug */,
				8854E0B31F5599E20065F5B9 /* Release */,
			);
			defaultConfigurationIsVisible = 0;
			defaultConfigurationName = Release;
		};
		8854E0B41F5599E20065F5B9 /* Build configuration list for PBXNativeTarget "WorldTrotter" */ = {
			isa = XCConfigurationList;
			buildConfigurations = (
				8854E0B51F5599E20065F5B9 /* Debug */,
				8854E0B61F5599E20065F5B9 /* Release */,
			);
			defaultConfigurationIsVisible = 0;
			defaultConfigurationName = Release;
		};
		8854E0B71F5599E20065F5B9 /* Build configuration list for PBXNativeTarget "WorldTrotterTests" */ = {
			isa = XCConfigurationList;
			buildConfigurations = (
				8854E0B81F5599E20065F5B9 /* Debug */,
				8854E0B91F5599E20065F5B9 /* Release */,
			);
			defaultConfigurationIsVisible = 0;
			defaultConfigurationName = Release;
		};
		8854E0BA1F5599E20065F5B9 /* Build configuration list for PBXNativeTarget "WorldTrotterUITests" */ = {
			isa = XCConfigurationList;
			buildConfigurations = (
				8854E0BB1F5599E20065F5B9 /* Debug */,
				8854E0BC1F5599E20065F5B9 /* Release */,
			);
			defaultConfigurationIsVisible = 0;
			defaultConfigurationName = Release;
		};
/* End XCConfigurationList section */
	};
	rootObject = 8854E0841F5599E20065F5B9 /* Project object */;
}
